
Microsoft Visual Studio Solution File, Format Version 12.00
# Visual Studio Version 16
VisualStudioVersion = 16.0.33927.289
MinimumVisualStudioVersion = 10.0.40219.1
Project("{2150E333-8FDC-42A3-9474-1A3956D46DE8}") = "Task0", "Task0", "{F8BA4F43-2835-42C5-990A-B94D7A74A789}"
EndProject
Project("{FAE04EC0-301F-11D3-BF4B-00C04F79EFBC}") = "Tyuiu.KomanichRM.Sprint4.Task0.V19", "Tyuiu.KomanichRM.Sprint4.Task0.V19\Tyuiu.KomanichRM.Sprint4.Task0.V19.csproj", "{83DF65EC-9F3B-4691-82AF-16FCEADB983A}"
EndProject
Project("{FAE04EC0-301F-11D3-BF4B-00C04F79EFBC}") = "Tyuiu.KomanichRM.Sprint4.Task0.V19.Lib", "Tyuiu.KomanichRM.Sprint4.Task0.V19.Lib\Tyuiu.KomanichRM.Sprint4.Task0.V19.Lib.csproj", "{3189AD6E-78CE-4434-BE19-2D95D432D7A0}"
EndProject
Project("{FAE04EC0-301F-11D3-BF4B-00C04F79EFBC}") = "Tyuiu.KomanichRM.Sprint4.Task0.V19.Test", "Tyuiu.KomanichRM.Sprint4.Task0.V19.Test\Tyuiu.KomanichRM.Sprint4.Task0.V19.Test.csproj", "{727E3547-36C3-44A6-9032-074D07360F90}"
EndProject
Project("{2150E333-8FDC-42A3-9474-1A3956D46DE8}") = "Task1", "Task1", "{B4A75C7F-353F-4D61-8FA8-527C1F558085}"
EndProject
Project("{FAE04EC0-301F-11D3-BF4B-00C04F79EFBC}") = "Tyuiu.KomanichRM.Sprint4.Task1.V9", "Tyuiu.KomanichRM.Sprint4.Task1.V9\Tyuiu.KomanichRM.Sprint4.Task1.V9.csproj", "{959C79E0-34E4-4F5C-845D-E852899082AA}"
EndProject
Project("{FAE04EC0-301F-11D3-BF4B-00C04F79EFBC}") = "Tyuiu.KomanichRM.Sprint4.Task1.V9.Lib", "Tyuiu.KomanichRM.Sprint4.Task1.V9.Lib\Tyuiu.KomanichRM.Sprint4.Task1.V9.Lib.csproj", "{050527D7-235E-46D1-98D6-FFD3815883C3}"
EndProject
Project("{FAE04EC0-301F-11D3-BF4B-00C04F79EFBC}") = "Tyuiu.KomanichRM.Sprint4.Task1.V9.Test", "Tyuiu.KomanichRM.Sprint4.Task1.V9.Test\Tyuiu.KomanichRM.Sprint4.Task1.V9.Test.csproj", "{B3A206CB-5505-4D34-BABB-658F2BF1BA95}"
EndProject
Project("{2150E333-8FDC-42A3-9474-1A3956D46DE8}") = "Task2", "Task2", "{7D523C98-2FAD-45FD-AEB9-40D622BBBCE2}"
EndProject
Project("{FAE04EC0-301F-11D3-BF4B-00C04F79EFBC}") = "Tyuiu.KomanichRM.Sprint4.Task2.V20", "Tyuiu.KomanichRM.Sprint4.Task2.V20\Tyuiu.KomanichRM.Sprint4.Task2.V20.csproj", "{3B87505C-B105-4368-B9BA-133D3F4BA0B2}"
EndProject
Project("{FAE04EC0-301F-11D3-BF4B-00C04F79EFBC}") = "Tyuiu.KomanichRM.Sprint4.Task2.V20.Lib", "Tyuiu.KomanichRM.Sprint4.Task2.V20.Lib\Tyuiu.KomanichRM.Sprint4.Task2.V20.Lib.csproj", "{70ADEF76-D33B-446E-A12F-27B96BE13542}"
EndProject
Project("{FAE04EC0-301F-11D3-BF4B-00C04F79EFBC}") = "Tyuiu.KomanichRM.Sprint4.Task2.V20.Test", "Tyuiu.KomanichRM.Sprint4.Task2.V20.Test\Tyuiu.KomanichRM.Sprint4.Task2.V20.Test.csproj", "{0EFE598F-CCE6-4527-8A8C-395E50559663}"
EndProject
Project("{2150E333-8FDC-42A3-9474-1A3956D46DE8}") = "Task3", "Task3", "{0BC39970-54D7-4F64-A925-6363BFA4F81B}"
EndProject
Project("{FAE04EC0-301F-11D3-BF4B-00C04F79EFBC}") = "Tyuiu.KomanichRM.Sprint4.Task3.V7", "Tyuiu.KomanichRM.Sprint4.Task3.V7\Tyuiu.KomanichRM.Sprint4.Task3.V7.csproj", "{176FF719-0886-4531-BFB5-7CA17B0105B5}"
EndProject
Project("{FAE04EC0-301F-11D3-BF4B-00C04F79EFBC}") = "Tyuiu.KomanichRM.Sprint4.Task3.V7.Lib", "Tyuiu.KomanichRM.Sprint4.Task3.V7.Lib\Tyuiu.KomanichRM.Sprint4.Task3.V7.Lib.csproj", "{6A60EA61-ABCC-44CA-BB10-413E469D93FC}"
EndProject
Project("{FAE04EC0-301F-11D3-BF4B-00C04F79EFBC}") = "Tyuiu.KomanichRM.Sprint4.Task3.V7.Test", "Tyuiu.KomanichRM.Sprint4.Task3.V7.Test\Tyuiu.KomanichRM.Sprint4.Task3.V7.Test.csproj", "{9FD82DE6-7760-4F20-BBE5-AA6FF6ABCA4D}"
EndProject
Project("{2150E333-8FDC-42A3-9474-1A3956D46DE8}") = "Task4", "Task4", "{B14C4214-4D88-43C1-AC64-47D5E2ACFB21}"
EndProject
Project("{FAE04EC0-301F-11D3-BF4B-00C04F79EFBC}") = "Tyuiu.KomanichRM.Sprint4.Task4.V20", "Tyuiu.KomanichRM.Sprint4.Task4.V20\Tyuiu.KomanichRM.Sprint4.Task4.V20.csproj", "{4B09BAB8-B518-410B-9A3A-82B0C3286E80}"
EndProject
Project("{FAE04EC0-301F-11D3-BF4B-00C04F79EFBC}") = "Tyuiu.KomanichRM.Sprint4.Task4.V20.Lib", "Tyuiu.KomanichRM.Sprint4.Task4.V20.Lib\Tyuiu.KomanichRM.Sprint4.Task4.V20.Lib.csproj", "{173F36D8-E6AA-4E88-8DC1-EED2DDA3B2F1}"
EndProject
Project("{FAE04EC0-301F-11D3-BF4B-00C04F79EFBC}") = "Tyuiu.KomanichRM.Sprint4.Task4.V20.Test", "Tyuiu.KomanichRM.Sprint4.Task4.V20.Test\Tyuiu.KomanichRM.Sprint4.Task4.V20.Test.csproj", "{57D5D824-FAFB-4224-A3EA-991B1A0B5DBB}"
EndProject
Project("{2150E333-8FDC-42A3-9474-1A3956D46DE8}") = "Task5", "Task5", "{1442F603-C97E-4D5B-B026-0CFD8C77C14C}"
EndProject
Project("{FAE04EC0-301F-11D3-BF4B-00C04F79EFBC}") = "Tyuiu.KomanichRM.Sprint4.Task5.V17", "Tyuiu.KomanichRM.Sprint4.Task5.V17\Tyuiu.KomanichRM.Sprint4.Task5.V17.csproj", "{5A108C9A-6274-4A0B-8D0C-C34B1063AEF9}"
EndProject
Project("{FAE04EC0-301F-11D3-BF4B-00C04F79EFBC}") = "Tyuiu.KomanichRM.Sprint4.Task5.V17.Lib", "Tyuiu.KomanichRM.Sprint4.Task5.V17.Lib\Tyuiu.KomanichRM.Sprint4.Task5.V17.Lib.csproj", "{B3A1BA5C-EFF9-4132-9030-7F56DC425D52}"
EndProject
Project("{FAE04EC0-301F-11D3-BF4B-00C04F79EFBC}") = "Tyuiu.KomanichRM.Sprint4.Task5.V17.Test", "Tyuiu.KomanichRM.Sprint4.Task5.V17.Test\Tyuiu.KomanichRM.Sprint4.Task5.V17.Test.csproj", "{F0CC5500-143C-48ED-A1CB-D58FF1C06163}"
EndProject
Project("{2150E333-8FDC-42A3-9474-1A3956D46DE8}") = "Task6", "Task6", "{F3B6F1E4-F69F-4C26-8BB4-371B0EAF5E5A}"
EndProject
Project("{FAE04EC0-301F-11D3-BF4B-00C04F79EFBC}") = "Tyuiu.KomanichRM.Sprint4.Task6.V2", "Tyuiu.KomanichRM.Sprint4.Task6.V2\Tyuiu.KomanichRM.Sprint4.Task6.V2.csproj", "{6BD9B68D-A73A-47CC-9109-AE68EB408C7C}"
EndProject
Project("{FAE04EC0-301F-11D3-BF4B-00C04F79EFBC}") = "Tyuiu.KomanichRM.Sprint4.Task6.V2.Lib", "Tyuiu.KomanichRM.Sprint4.Task6.V2.Lib\Tyuiu.KomanichRM.Sprint4.Task6.V2.Lib.csproj", "{317A9D40-3A36-4FA4-BC3A-EDEABE00F0B1}"
EndProject
Project("{FAE04EC0-301F-11D3-BF4B-00C04F79EFBC}") = "Tyuiu.KomanichRM.Sprint4.Task6.V2.Test", "Tyuiu.KomanichRM.Sprint4.Task6.V2.Test\Tyuiu.KomanichRM.Sprint4.Task6.V2.Test.csproj", "{50A57A70-1F4B-4C0B-9211-E5F7B08D43E6}"
EndProject
Global
	GlobalSection(SolutionConfigurationPlatforms) = preSolution
		Debug|Any CPU = Debug|Any CPU
		Release|Any CPU = Release|Any CPU
	EndGlobalSection
	GlobalSection(ProjectConfigurationPlatforms) = postSolution
		{83DF65EC-9F3B-4691-82AF-16FCEADB983A}.Debug|Any CPU.ActiveCfg = Debug|Any CPU
		{83DF65EC-9F3B-4691-82AF-16FCEADB983A}.Debug|Any CPU.Build.0 = Debug|Any CPU
		{83DF65EC-9F3B-4691-82AF-16FCEADB983A}.Release|Any CPU.ActiveCfg = Release|Any CPU
		{83DF65EC-9F3B-4691-82AF-16FCEADB983A}.Release|Any CPU.Build.0 = Release|Any CPU
		{3189AD6E-78CE-4434-BE19-2D95D432D7A0}.Debug|Any CPU.ActiveCfg = Debug|Any CPU
		{3189AD6E-78CE-4434-BE19-2D95D432D7A0}.Debug|Any CPU.Build.0 = Debug|Any CPU
		{3189AD6E-78CE-4434-BE19-2D95D432D7A0}.Release|Any CPU.ActiveCfg = Release|Any CPU
		{3189AD6E-78CE-4434-BE19-2D95D432D7A0}.Release|Any CPU.Build.0 = Release|Any CPU
		{727E3547-36C3-44A6-9032-074D07360F90}.Debug|Any CPU.ActiveCfg = Debug|Any CPU
		{727E3547-36C3-44A6-9032-074D07360F90}.Debug|Any CPU.Build.0 = Debug|Any CPU
		{727E3547-36C3-44A6-9032-074D07360F90}.Release|Any CPU.ActiveCfg = Release|Any CPU
		{727E3547-36C3-44A6-9032-074D07360F90}.Release|Any CPU.Build.0 = Release|Any CPU
		{959C79E0-34E4-4F5C-845D-E852899082AA}.Debug|Any CPU.ActiveCfg = Debug|Any CPU
		{959C79E0-34E4-4F5C-845D-E852899082AA}.Debug|Any CPU.Build.0 = Debug|Any CPU
		{959C79E0-34E4-4F5C-845D-E852899082AA}.Release|Any CPU.ActiveCfg = Release|Any CPU
		{959C79E0-34E4-4F5C-845D-E852899082AA}.Release|Any CPU.Build.0 = Release|Any CPU
		{050527D7-235E-46D1-98D6-FFD3815883C3}.Debug|Any CPU.ActiveCfg = Debug|Any CPU
		{050527D7-235E-46D1-98D6-FFD3815883C3}.Debug|Any CPU.Build.0 = Debug|Any CPU
		{050527D7-235E-46D1-98D6-FFD3815883C3}.Release|Any CPU.ActiveCfg = Release|Any CPU
		{050527D7-235E-46D1-98D6-FFD3815883C3}.Release|Any CPU.Build.0 = Release|Any CPU
		{B3A206CB-5505-4D34-BABB-658F2BF1BA95}.Debug|Any CPU.ActiveCfg = Debug|Any CPU
		{B3A206CB-5505-4D34-BABB-658F2BF1BA95}.Debug|Any CPU.Build.0 = Debug|Any CPU
		{B3A206CB-5505-4D34-BABB-658F2BF1BA95}.Release|Any CPU.ActiveCfg = Release|Any CPU
		{B3A206CB-5505-4D34-BABB-658F2BF1BA95}.Release|Any CPU.Build.0 = Release|Any CPU
		{3B87505C-B105-4368-B9BA-133D3F4BA0B2}.Debug|Any CPU.ActiveCfg = Debug|Any CPU
		{3B87505C-B105-4368-B9BA-133D3F4BA0B2}.Debug|Any CPU.Build.0 = Debug|Any CPU
		{3B87505C-B105-4368-B9BA-133D3F4BA0B2}.Release|Any CPU.ActiveCfg = Release|Any CPU
		{3B87505C-B105-4368-B9BA-133D3F4BA0B2}.Release|Any CPU.Build.0 = Release|Any CPU
		{70ADEF76-D33B-446E-A12F-27B96BE13542}.Debug|Any CPU.ActiveCfg = Debug|Any CPU
		{70ADEF76-D33B-446E-A12F-27B96BE13542}.Debug|Any CPU.Build.0 = Debug|Any CPU
		{70ADEF76-D33B-446E-A12F-27B96BE13542}.Release|Any CPU.ActiveCfg = Release|Any CPU
		{70ADEF76-D33B-446E-A12F-27B96BE13542}.Release|Any CPU.Build.0 = Release|Any CPU
		{0EFE598F-CCE6-4527-8A8C-395E50559663}.Debug|Any CPU.ActiveCfg = Debug|Any CPU
		{0EFE598F-CCE6-4527-8A8C-395E50559663}.Debug|Any CPU.Build.0 = Debug|Any CPU
		{0EFE598F-CCE6-4527-8A8C-395E50559663}.Release|Any CPU.ActiveCfg = Release|Any CPU
		{0EFE598F-CCE6-4527-8A8C-395E50559663}.Release|Any CPU.Build.0 = Release|Any CPU
		{176FF719-0886-4531-BFB5-7CA17B0105B5}.Debug|Any CPU.ActiveCfg = Debug|Any CPU
		{176FF719-0886-4531-BFB5-7CA17B0105B5}.Debug|Any CPU.Build.0 = Debug|Any CPU
		{176FF719-0886-4531-BFB5-7CA17B0105B5}.Release|Any CPU.ActiveCfg = Release|Any CPU
		{176FF719-0886-4531-BFB5-7CA17B0105B5}.Release|Any CPU.Build.0 = Release|Any CPU
		{6A60EA61-ABCC-44CA-BB10-413E469D93FC}.Debug|Any CPU.ActiveCfg = Debug|Any CPU
		{6A60EA61-ABCC-44CA-BB10-413E469D93FC}.Debug|Any CPU.Build.0 = Debug|Any CPU
		{6A60EA61-ABCC-44CA-BB10-413E469D93FC}.Release|Any CPU.ActiveCfg = Release|Any CPU
		{6A60EA61-ABCC-44CA-BB10-413E469D93FC}.Release|Any CPU.Build.0 = Release|Any CPU
		{9FD82DE6-7760-4F20-BBE5-AA6FF6ABCA4D}.Debug|Any CPU.ActiveCfg = Debug|Any CPU
		{9FD82DE6-7760-4F20-BBE5-AA6FF6ABCA4D}.Debug|Any CPU.Build.0 = Debug|Any CPU
		{9FD82DE6-7760-4F20-BBE5-AA6FF6ABCA4D}.Release|Any CPU.ActiveCfg = Release|Any CPU
		{9FD82DE6-7760-4F20-BBE5-AA6FF6ABCA4D}.Release|Any CPU.Build.0 = Release|Any CPU
		{4B09BAB8-B518-410B-9A3A-82B0C3286E80}.Debug|Any CPU.ActiveCfg = Debug|Any CPU
		{4B09BAB8-B518-410B-9A3A-82B0C3286E80}.Debug|Any CPU.Build.0 = Debug|Any CPU
		{4B09BAB8-B518-410B-9A3A-82B0C3286E80}.Release|Any CPU.ActiveCfg = Release|Any CPU
		{4B09BAB8-B518-410B-9A3A-82B0C3286E80}.Release|Any CPU.Build.0 = Release|Any CPU
		{173F36D8-E6AA-4E88-8DC1-EED2DDA3B2F1}.Debug|Any CPU.ActiveCfg = Debug|Any CPU
		{173F36D8-E6AA-4E88-8DC1-EED2DDA3B2F1}.Debug|Any CPU.Build.0 = Debug|Any CPU
		{173F36D8-E6AA-4E88-8DC1-EED2DDA3B2F1}.Release|Any CPU.ActiveCfg = Release|Any CPU
		{173F36D8-E6AA-4E88-8DC1-EED2DDA3B2F1}.Release|Any CPU.Build.0 = Release|Any CPU
		{57D5D824-FAFB-4224-A3EA-991B1A0B5DBB}.Debug|Any CPU.ActiveCfg = Debug|Any CPU
		{57D5D824-FAFB-4224-A3EA-991B1A0B5DBB}.Debug|Any CPU.Build.0 = Debug|Any CPU
		{57D5D824-FAFB-4224-A3EA-991B1A0B5DBB}.Release|Any CPU.ActiveCfg = Release|Any CPU
		{57D5D824-FAFB-4224-A3EA-991B1A0B5DBB}.Release|Any CPU.Build.0 = Release|Any CPU
		{5A108C9A-6274-4A0B-8D0C-C34B1063AEF9}.Debug|Any CPU.ActiveCfg = Debug|Any CPU
		{5A108C9A-6274-4A0B-8D0C-C34B1063AEF9}.Debug|Any CPU.Build.0 = Debug|Any CPU
		{5A108C9A-6274-4A0B-8D0C-C34B1063AEF9}.Release|Any CPU.ActiveCfg = Release|Any CPU
		{5A108C9A-6274-4A0B-8D0C-C34B1063AEF9}.Release|Any CPU.Build.0 = Release|Any CPU
		{B3A1BA5C-EFF9-4132-9030-7F56DC425D52}.Debug|Any CPU.ActiveCfg = Debug|Any CPU
		{B3A1BA5C-EFF9-4132-9030-7F56DC425D52}.Debug|Any CPU.Build.0 = Debug|Any CPU
		{B3A1BA5C-EFF9-4132-9030-7F56DC425D52}.Release|Any CPU.ActiveCfg = Release|Any CPU
		{B3A1BA5C-EFF9-4132-9030-7F56DC425D52}.Release|Any CPU.Build.0 = Release|Any CPU
		{F0CC5500-143C-48ED-A1CB-D58FF1C06163}.Debug|Any CPU.ActiveCfg = Debug|Any CPU
		{F0CC5500-143C-48ED-A1CB-D58FF1C06163}.Debug|Any CPU.Build.0 = Debug|Any CPU
		{F0CC5500-143C-48ED-A1CB-D58FF1C06163}.Release|Any CPU.ActiveCfg = Release|Any CPU
		{F0CC5500-143C-48ED-A1CB-D58FF1C06163}.Release|Any CPU.Build.0 = Release|Any CPU
		{6BD9B68D-A73A-47CC-9109-AE68EB408C7C}.Debug|Any CPU.ActiveCfg = Debug|Any CPU
		{6BD9B68D-A73A-47CC-9109-AE68EB408C7C}.Debug|Any CPU.Build.0 = Debug|Any CPU
		{6BD9B68D-A73A-47CC-9109-AE68EB408C7C}.Release|Any CPU.ActiveCfg = Release|Any CPU
		{6BD9B68D-A73A-47CC-9109-AE68EB408C7C}.Release|Any CPU.Build.0 = Release|Any CPU
		{317A9D40-3A36-4FA4-BC3A-EDEABE00F0B1}.Debug|Any CPU.ActiveCfg = Debug|Any CPU
		{317A9D40-3A36-4FA4-BC3A-EDEABE00F0B1}.Debug|Any CPU.Build.0 = Debug|Any CPU
		{317A9D40-3A36-4FA4-BC3A-EDEABE00F0B1}.Release|Any CPU.ActiveCfg = Release|Any CPU
		{317A9D40-3A36-4FA4-BC3A-EDEABE00F0B1}.Release|Any CPU.Build.0 = Release|Any CPU
		{50A57A70-1F4B-4C0B-9211-E5F7B08D43E6}.Debug|Any CPU.ActiveCfg = Debug|Any CPU
		{50A57A70-1F4B-4C0B-9211-E5F7B08D43E6}.Debug|Any CPU.Build.0 = Debug|Any CPU
		{50A57A70-1F4B-4C0B-9211-E5F7B08D43E6}.Release|Any CPU.ActiveCfg = Release|Any CPU
		{50A57A70-1F4B-4C0B-9211-E5F7B08D43E6}.Release|Any CPU.Build.0 = Release|Any CPU
	EndGlobalSection
	GlobalSection(SolutionProperties) = preSolution
		HideSolutionNode = FALSE
	EndGlobalSection
	GlobalSection(NestedProjects) = preSolution
		{83DF65EC-9F3B-4691-82AF-16FCEADB983A} = {F8BA4F43-2835-42C5-990A-B94D7A74A789}
		{3189AD6E-78CE-4434-BE19-2D95D432D7A0} = {F8BA4F43-2835-42C5-990A-B94D7A74A789}
		{727E3547-36C3-44A6-9032-074D07360F90} = {F8BA4F43-2835-42C5-990A-B94D7A74A789}
		{959C79E0-34E4-4F5C-845D-E852899082AA} = {B4A75C7F-353F-4D61-8FA8-527C1F558085}
		{050527D7-235E-46D1-98D6-FFD3815883C3} = {B4A75C7F-353F-4D61-8FA8-527C1F558085}
		{B3A206CB-5505-4D34-BABB-658F2BF1BA95} = {B4A75C7F-353F-4D61-8FA8-527C1F558085}
		{3B87505C-B105-4368-B9BA-133D3F4BA0B2} = {7D523C98-2FAD-45FD-AEB9-40D622BBBCE2}
		{70ADEF76-D33B-446E-A12F-27B96BE13542} = {7D523C98-2FAD-45FD-AEB9-40D622BBBCE2}
		{0EFE598F-CCE6-4527-8A8C-395E50559663} = {7D523C98-2FAD-45FD-AEB9-40D622BBBCE2}
		{176FF719-0886-4531-BFB5-7CA17B0105B5} = {0BC39970-54D7-4F64-A925-6363BFA4F81B}
		{6A60EA61-ABCC-44CA-BB10-413E469D93FC} = {0BC39970-54D7-4F64-A925-6363BFA4F81B}
		{9FD82DE6-7760-4F20-BBE5-AA6FF6ABCA4D} = {0BC39970-54D7-4F64-A925-6363BFA4F81B}
		{4B09BAB8-B518-410B-9A3A-82B0C3286E80} = {B14C4214-4D88-43C1-AC64-47D5E2ACFB21}
		{173F36D8-E6AA-4E88-8DC1-EED2DDA3B2F1} = {B14C4214-4D88-43C1-AC64-47D5E2ACFB21}
		{57D5D824-FAFB-4224-A3EA-991B1A0B5DBB} = {B14C4214-4D88-43C1-AC64-47D5E2ACFB21}
		{5A108C9A-6274-4A0B-8D0C-C34B1063AEF9} = {1442F603-C97E-4D5B-B026-0CFD8C77C14C}
		{B3A1BA5C-EFF9-4132-9030-7F56DC425D52} = {1442F603-C97E-4D5B-B026-0CFD8C77C14C}
		{F0CC5500-143C-48ED-A1CB-D58FF1C06163} = {1442F603-C97E-4D5B-B026-0CFD8C77C14C}
		{6BD9B68D-A73A-47CC-9109-AE68EB408C7C} = {F3B6F1E4-F69F-4C26-8BB4-371B0EAF5E5A}
		{317A9D40-3A36-4FA4-BC3A-EDEABE00F0B1} = {F3B6F1E4-F69F-4C26-8BB4-371B0EAF5E5A}
		{50A57A70-1F4B-4C0B-9211-E5F7B08D43E6} = {F3B6F1E4-F69F-4C26-8BB4-371B0EAF5E5A}
	EndGlobalSection
	GlobalSection(ExtensibilityGlobals) = postSolution
		SolutionGuid = {6691962D-6C24-4308-84C1-407BF42D4A70}
	EndGlobalSection
EndGlobal
